
Microsoft Visual Studio Solution File, Format Version 12.00
# Visual Studio Version 17
VisualStudioVersion = 17.2.32630.192
MinimumVisualStudioVersion = 15.0.26124.0
Project("{2150E333-8FDC-42A3-9474-1A3956D46DE8}") = "src", "src", "{52E49088-8323-44BD-8C1A-C78F17352262}"
EndProject
Project("{9A19103F-16F7-4668-BE54-9A1E7A4F7556}") = "Cart.Api", "src\Cart.Api\Cart.Api.csproj", "{63F31F46-A084-41A4-8788-EFED6977AFA0}"
EndProject
Project("{9A19103F-16F7-4668-BE54-9A1E7A4F7556}") = "Cart.Application", "src\Cart.Application\Cart.Application.csproj", "{0BD1AB67-3B23-4638-BDE7-6284C7E0101B}"
EndProject
Global
	GlobalSection(SolutionConfigurationPlatforms) = preSolution
		Debug|Any CPU = Debug|Any CPU
		Debug|x64 = Debug|x64
		Debug|x86 = Debug|x86
		Release|Any CPU = Release|Any CPU
		Release|x64 = Release|x64
		Release|x86 = Release|x86
	EndGlobalSection
	GlobalSection(ProjectConfigurationPlatforms) = postSolution
		{63F31F46-A084-41A4-8788-EFED6977AFA0}.Debug|Any CPU.ActiveCfg = Debug|Any CPU
		{63F31F46-A084-41A4-8788-EFED6977AFA0}.Debug|Any CPU.Build.0 = Debug|Any CPU
		{63F31F46-A084-41A4-8788-EFED6977AFA0}.Debug|x64.ActiveCfg = Debug|Any CPU
		{63F31F46-A084-41A4-8788-EFED6977AFA0}.Debug|x64.Build.0 = Debug|Any CPU
		{63F31F46-A084-41A4-8788-EFED6977AFA0}.Debug|x86.ActiveCfg = Debug|Any CPU
		{63F31F46-A084-41A4-8788-EFED6977AFA0}.Debug|x86.Build.0 = Debug|Any CPU
		{63F31F46-A084-41A4-8788-EFED6977AFA0}.Release|Any CPU.ActiveCfg = Release|Any CPU
		{63F31F46-A084-41A4-8788-EFED6977AFA0}.Release|Any CPU.Build.0 = Release|Any CPU
		{63F31F46-A084-41A4-8788-EFED6977AFA0}.Release|x64.ActiveCfg = Release|Any CPU
		{63F31F46-A084-41A4-8788-EFED6977AFA0}.Release|x64.Build.0 = Release|Any CPU
		{63F31F46-A084-41A4-8788-EFED6977AFA0}.Release|x86.ActiveCfg = Release|Any CPU
		{63F31F46-A084-41A4-8788-EFED6977AFA0}.Release|x86.Build.0 = Release|Any CPU
		{0BD1AB67-3B23-4638-BDE7-6284C7E0101B}.Debug|Any CPU.ActiveCfg = Debug|Any CPU
		{0BD1AB67-3B23-4638-BDE7-6284C7E0101B}.Debug|Any CPU.Build.0 = Debug|Any CPU
		{0BD1AB67-3B23-4638-BDE7-6284C7E0101B}.Debug|x64.ActiveCfg = Debug|Any CPU
		{0BD1AB67-3B23-4638-BDE7-6284C7E0101B}.Debug|x64.Build.0 = Debug|Any CPU
		{0BD1AB67-3B23-4638-BDE7-6284C7E0101B}.Debug|x86.ActiveCfg = Debug|Any CPU
		{0BD1AB67-3B23-4638-BDE7-6284C7E0101B}.Debug|x86.Build.0 = Debug|Any CPU
		{0BD1AB67-3B23-4638-BDE7-6284C7E0101B}.Release|Any CPU.ActiveCfg = Release|Any CPU
		{0BD1AB67-3B23-4638-BDE7-6284C7E0101B}.Release|Any CPU.Build.0 = Release|Any CPU
		{0BD1AB67-3B23-4638-BDE7-6284C7E0101B}.Release|x64.ActiveCfg = Release|Any CPU
		{0BD1AB67-3B23-4638-BDE7-6284C7E0101B}.Release|x64.Build.0 = Release|Any CPU
		{0BD1AB67-3B23-4638-BDE7-6284C7E0101B}.Release|x86.ActiveCfg = Release|Any CPU
		{0BD1AB67-3B23-4638-BDE7-6284C7E0101B}.Release|x86.Build.0 = Release|Any CPU
	EndGlobalSection
	GlobalSection(SolutionProperties) = preSolution
		HideSolutionNode = FALSE
	EndGlobalSection
	GlobalSection(NestedProjects) = preSolution
		{63F31F46-A084-41A4-8788-EFED6977AFA0} = {52E49088-8323-44BD-8C1A-C78F17352262}
		{0BD1AB67-3B23-4638-BDE7-6284C7E0101B} = {52E49088-8323-44BD-8C1A-C78F17352262}
	EndGlobalSection
	GlobalSection(ExtensibilityGlobals) = postSolution
		SolutionGuid = {C6DC01F1-B251-493C-894D-E667A1771CF4}
	EndGlobalSection
EndGlobal
